// !$*UTF8*$!
{
	archiveVersion = 1;
	classes = {
	};
	objectVersion = 46;
	objects = {

/* Begin PBXBuildFile section */
		61CCE0851B95D97B0053D5FB /* main.m in Sources */ = {isa = PBXBuildFile; fileRef = 61CCE0841B95D97B0053D5FB /* main.m */; };
		61CCE0881B95D97B0053D5FB /* AppDelegate.m in Sources */ = {isa = PBXBuildFile; fileRef = 61CCE0871B95D97B0053D5FB /* AppDelegate.m */; };
		61CCE08E1B95D97B0053D5FB /* Main.storyboard in Resources */ = {isa = PBXBuildFile; fileRef = 61CCE08C1B95D97B0053D5FB /* Main.storyboard */; };
		61CCE0901B95D97B0053D5FB /* Images.xcassets in Resources */ = {isa = PBXBuildFile; fileRef = 61CCE08F1B95D97B0053D5FB /* Images.xcassets */; };
		61CCE0931B95D97B0053D5FB /* LaunchScreen.xib in Resources */ = {isa = PBXBuildFile; fileRef = 61CCE0911B95D97B0053D5FB /* LaunchScreen.xib */; };
		61CCE09F1B95D97B0053D5FB /* iTodoListTests.m in Sources */ = {isa = PBXBuildFile; fileRef = 61CCE09E1B95D97B0053D5FB /* iTodoListTests.m */; };
		61CCE0B21B962BA20053D5FB /* AddToDoItemViewController.m in Sources */ = {isa = PBXBuildFile; fileRef = 61CCE0B11B962BA20053D5FB /* AddToDoItemViewController.m */; };
		61CCE0B31B962BA20053D5FB /* AddToDoItemViewController.m in Sources */ = {isa = PBXBuildFile; fileRef = 61CCE0B11B962BA20053D5FB /* AddToDoItemViewController.m */; };
		61CCE0BA1B9634B50053D5FB /* ToDoListTableViewController.m in Sources */ = {isa = PBXBuildFile; fileRef = 61CCE0B91B9634B50053D5FB /* ToDoListTableViewController.m */; };
		61CCE0BB1B9634B50053D5FB /* ToDoListTableViewController.m in Sources */ = {isa = PBXBuildFile; fileRef = 61CCE0B91B9634B50053D5FB /* ToDoListTableViewController.m */; };
		61CCE0BD1B9767330053D5FB /* README.md in Sources */ = {isa = PBXBuildFile; fileRef = 61CCE0BC1B9767330053D5FB /* README.md */; };
		61CCE0BE1B9767330053D5FB /* README.md in Sources */ = {isa = PBXBuildFile; fileRef = 61CCE0BC1B9767330053D5FB /* README.md */; };
/* End PBXBuildFile section */

/* Begin PBXContainerItemProxy section */
		61CCE0991B95D97B0053D5FB /* PBXContainerItemProxy */ = {
			isa = PBXContainerItemProxy;
			containerPortal = 61CCE0771B95D97B0053D5FB /* Project object */;
			proxyType = 1;
			remoteGlobalIDString = 61CCE07E1B95D97B0053D5FB;
			remoteInfo = iTodoList;
		};
/* End PBXContainerItemProxy section */

/* Begin PBXFileReference section */
		61CCE07F1B95D97B0053D5FB /* iTodoList.app */ = {isa = PBXFileReference; explicitFileType = wrapper.application; includeInIndex = 0; path = iTodoList.app; sourceTree = BUILT_PRODUCTS_DIR; };
		61CCE0831B95D97B0053D5FB /* Info.plist */ = {isa = PBXFileReference; lastKnownFileType = text.plist.xml; path = Info.plist; sourceTree = "<group>"; };
		61CCE0841B95D97B0053D5FB /* main.m */ = {isa = PBXFileReference; lastKnownFileType = sourcecode.c.objc; path = main.m; sourceTree = "<group>"; };
		61CCE0861B95D97B0053D5FB /* AppDelegate.h */ = {isa = PBXFileReference; lastKnownFileType = sourcecode.c.h; path = AppDelegate.h; sourceTree = "<group>"; };
		61CCE0871B95D97B0053D5FB /* AppDelegate.m */ = {isa = PBXFileReference; lastKnownFileType = sourcecode.c.objc; path = AppDelegate.m; sourceTree = "<group>"; };
		61CCE08D1B95D97B0053D5FB /* Base */ = {isa = PBXFileReference; lastKnownFileType = file.storyboard; name = Base; path = Base.lproj/Main.storyboard; sourceTree = "<group>"; };
		61CCE08F1B95D97B0053D5FB /* Images.xcassets */ = {isa = PBXFileReference; lastKnownFileType = folder.assetcatalog; path = Images.xcassets; sourceTree = "<group>"; };
		61CCE0921B95D97B0053D5FB /* Base */ = {isa = PBXFileReference; lastKnownFileType = file.xib; name = Base; path = Base.lproj/LaunchScreen.xib; sourceTree = "<group>"; };
		61CCE0981B95D97B0053D5FB /* iTodoListTests.xctest */ = {isa = PBXFileReference; explicitFileType = wrapper.cfbundle; includeInIndex = 0; path = iTodoListTests.xctest; sourceTree = BUILT_PRODUCTS_DIR; };
		61CCE09D1B95D97B0053D5FB /* Info.plist */ = {isa = PBXFileReference; lastKnownFileType = text.plist.xml; path = Info.plist; sourceTree = "<group>"; };
		61CCE09E1B95D97B0053D5FB /* iTodoListTests.m */ = {isa = PBXFileReference; lastKnownFileType = sourcecode.c.objc; path = iTodoListTests.m; sourceTree = "<group>"; };
		61CCE0B01B962BA20053D5FB /* AddToDoItemViewController.h */ = {isa = PBXFileReference; fileEncoding = 4; lastKnownFileType = sourcecode.c.h; path = AddToDoItemViewController.h; sourceTree = "<group>"; };
		61CCE0B11B962BA20053D5FB /* AddToDoItemViewController.m */ = {isa = PBXFileReference; fileEncoding = 4; lastKnownFileType = sourcecode.c.objc; path = AddToDoItemViewController.m; sourceTree = "<group>"; };
		61CCE0B81B9634B50053D5FB /* ToDoListTableViewController.h */ = {isa = PBXFileReference; fileEncoding = 4; lastKnownFileType = sourcecode.c.h; path = ToDoListTableViewController.h; sourceTree = "<group>"; };
		61CCE0B91B9634B50053D5FB /* ToDoListTableViewController.m */ = {isa = PBXFileReference; fileEncoding = 4; lastKnownFileType = sourcecode.c.objc; path = ToDoListTableViewController.m; sourceTree = "<group>"; };
		61CCE0BC1B9767330053D5FB /* README.md */ = {isa = PBXFileReference; fileEncoding = 4; lastKnownFileType = net.daringfireball.markdown; name = README.md; path = iTodoList/README.md; sourceTree = "<group>"; };
/* End PBXFileReference section */

/* Begin PBXFrameworksBuildPhase section */
		61CCE07C1B95D97B0053D5FB /* Frameworks */ = {
			isa = PBXFrameworksBuildPhase;
			buildActionMask = 2147483647;
			files = (
			);
			runOnlyForDeploymentPostprocessing = 0;
		};
		61CCE0951B95D97B0053D5FB /* Frameworks */ = {
			isa = PBXFrameworksBuildPhase;
			buildActionMask = 2147483647;
			files = (
			);
			runOnlyForDeploymentPostprocessing = 0;
		};
/* End PBXFrameworksBuildPhase section */

/* Begin PBXGroup section */
		61CCE0761B95D97B0053D5FB = {
			isa = PBXGroup;
			children = (
				61CCE0BC1B9767330053D5FB /* README.md */,
				61CCE0811B95D97B0053D5FB /* iTodoList */,
				61CCE09B1B95D97B0053D5FB /* iTodoListTests */,
				61CCE0801B95D97B0053D5FB /* Products */,
			);
			sourceTree = "<group>";
		};
		61CCE0801B95D97B0053D5FB /* Products */ = {
			isa = PBXGroup;
			children = (
				61CCE07F1B95D97B0053D5FB /* iTodoList.app */,
				61CCE0981B95D97B0053D5FB /* iTodoListTests.xctest */,
			);
			name = Products;
			sourceTree = "<group>";
		};
		61CCE0811B95D97B0053D5FB /* iTodoList */ = {
			isa = PBXGroup;
			children = (
				61CCE0861B95D97B0053D5FB /* AppDelegate.h */,
				61CCE0871B95D97B0053D5FB /* AppDelegate.m */,
				61CCE08C1B95D97B0053D5FB /* Main.storyboard */,
				61CCE0B81B9634B50053D5FB /* ToDoListTableViewController.h */,
				61CCE0B91B9634B50053D5FB /* ToDoListTableViewController.m */,
				61CCE08F1B95D97B0053D5FB /* Images.xcassets */,
				61CCE0911B95D97B0053D5FB /* LaunchScreen.xib */,
				61CCE0821B95D97B0053D5FB /* Supporting Files */,
				61CCE0B01B962BA20053D5FB /* AddToDoItemViewController.h */,
				61CCE0B11B962BA20053D5FB /* AddToDoItemViewController.m */,
			);
			path = iTodoList;
			sourceTree = "<group>";
		};
		61CCE0821B95D97B0053D5FB /* Supporting Files */ = {
			isa = PBXGroup;
			children = (
				61CCE0831B95D97B0053D5FB /* Info.plist */,
				61CCE0841B95D97B0053D5FB /* main.m */,
			);
			name = "Supporting Files";
			sourceTree = "<group>";
		};
		61CCE09B1B95D97B0053D5FB /* iTodoListTests */ = {
			isa = PBXGroup;
			children = (
				61CCE09E1B95D97B0053D5FB /* iTodoListTests.m */,
				61CCE09C1B95D97B0053D5FB /* Supporting Files */,
			);
			path = iTodoListTests;
			sourceTree = "<group>";
		};
		61CCE09C1B95D97B0053D5FB /* Supporting Files */ = {
			isa = PBXGroup;
			children = (
				61CCE09D1B95D97B0053D5FB /* Info.plist */,
			);
			name = "Supporting Files";
			sourceTree = "<group>";
		};
/* End PBXGroup section */

/* Begin PBXNativeTarget section */
		61CCE07E1B95D97B0053D5FB /* iTodoList */ = {
			isa = PBXNativeTarget;
			buildConfigurationList = 61CCE0A21B95D97B0053D5FB /* Build configuration list for PBXNativeTarget "iTodoList" */;
			buildPhases = (
				61CCE07B1B95D97B0053D5FB /* Sources */,
				61CCE07C1B95D97B0053D5FB /* Frameworks */,
				61CCE07D1B95D97B0053D5FB /* Resources */,
			);
			buildRules = (
			);
			dependencies = (
			);
			name = iTodoList;
			productName = iTodoList;
			productReference = 61CCE07F1B95D97B0053D5FB /* iTodoList.app */;
			productType = "com.apple.product-type.application";
		};
		61CCE0971B95D97B0053D5FB /* iTodoListTests */ = {
			isa = PBXNativeTarget;
			buildConfigurationList = 61CCE0A51B95D97B0053D5FB /* Build configuration list for PBXNativeTarget "iTodoListTests" */;
			buildPhases = (
				61CCE0941B95D97B0053D5FB /* Sources */,
				61CCE0951B95D97B0053D5FB /* Frameworks */,
				61CCE0961B95D97B0053D5FB /* Resources */,
			);
			buildRules = (
			);
			dependencies = (
				61CCE09A1B95D97B0053D5FB /* PBXTargetDependency */,
			);
			name = iTodoListTests;
			productName = iTodoListTests;
			productReference = 61CCE0981B95D97B0053D5FB /* iTodoListTests.xctest */;
			productType = "com.apple.product-type.bundle.unit-test";
		};
/* End PBXNativeTarget section */

/* Begin PBXProject section */
		61CCE0771B95D97B0053D5FB /* Project object */ = {
			isa = PBXProject;
			attributes = {
				LastUpgradeCheck = 0640;
				ORGANIZATIONNAME = "Fabricio Nogueira";
				TargetAttributes = {
					61CCE07E1B95D97B0053D5FB = {
						CreatedOnToolsVersion = 6.4;
					};
					61CCE0971B95D97B0053D5FB = {
						CreatedOnToolsVersion = 6.4;
						TestTargetID = 61CCE07E1B95D97B0053D5FB;
					};
				};
			};
			buildConfigurationList = 61CCE07A1B95D97B0053D5FB /* Build configuration list for PBXProject "iTodoList" */;
			compatibilityVersion = "Xcode 3.2";
			developmentRegion = English;
			hasScannedForEncodings = 0;
			knownRegions = (
				en,
				Base,
			);
			mainGroup = 61CCE0761B95D97B0053D5FB;
			productRefGroup = 61CCE0801B95D97B0053D5FB /* Products */;
			projectDirPath = "";
			projectRoot = "";
			targets = (
				61CCE07E1B95D97B0053D5FB /* iTodoList */,
				61CCE0971B95D97B0053D5FB /* iTodoListTests */,
			);
		};
/* End PBXProject section */

/* Begin PBXResourcesBuildPhase section */
		61CCE07D1B95D97B0053D5FB /* Resources */ = {
			isa = PBXResourcesBuildPhase;
			buildActionMask = 2147483647;
			files = (
				61CCE08E1B95D97B0053D5FB /* Main.storyboard in Resources */,
				61CCE0931B95D97B0053D5FB /* LaunchScreen.xib in Resources */,
				61CCE0901B95D97B0053D5FB /* Images.xcassets in Resources */,
			);
			runOnlyForDeploymentPostprocessing = 0;
		};
		61CCE0961B95D97B0053D5FB /* Resources */ = {
			isa = PBXResourcesBuildPhase;
			buildActionMask = 2147483647;
			files = (
			);
			runOnlyForDeploymentPostprocessing = 0;
		};
/* End PBXResourcesBuildPhase section */

/* Begin PBXSourcesBuildPhase section */
		61CCE07B1B95D97B0053D5FB /* Sources */ = {
			isa = PBXSourcesBuildPhase;
			buildActionMask = 2147483647;
			files = (
				61CCE0881B95D97B0053D5FB /* AppDelegate.m in Sources */,
				61CCE0BA1B9634B50053D5FB /* ToDoListTableViewController.m in Sources */,
				61CCE0BD1B9767330053D5FB /* README.md in Sources */,
				61CCE0851B95D97B0053D5FB /* main.m in Sources */,
				61CCE0B21B962BA20053D5FB /* AddToDoItemViewController.m in Sources */,
			);
			runOnlyForDeploymentPostprocessing = 0;
		};
		61CCE0941B95D97B0053D5FB /* Sources */ = {
			isa = PBXSourcesBuildPhase;
			buildActionMask = 2147483647;
			files = (
				61CCE0BB1B9634B50053D5FB /* ToDoListTableViewController.m in Sources */,
				61CCE09F1B95D97B0053D5FB /* iTodoListTests.m in Sources */,
				61CCE0BE1B9767330053D5FB /* README.md in Sources */,
				61CCE0B31B962BA20053D5FB /* AddToDoItemViewController.m in Sources */,
			);
			runOnlyForDeploymentPostprocessing = 0;
		};
/* End PBXSourcesBuildPhase section */

/* Begin PBXTargetDependency section */
		61CCE09A1B95D97B0053D5FB /* PBXTargetDependency */ = {
			isa = PBXTargetDependency;
			target = 61CCE07E1B95D97B0053D5FB /* iTodoList */;
			targetProxy = 61CCE0991B95D97B0053D5FB /* PBXContainerItemProxy */;
		};
/* End PBXTargetDependency section */

/* Begin PBXVariantGroup section */
		61CCE08C1B95D97B0053D5FB /* Main.storyboard */ = {
			isa = PBXVariantGroup;
			children = (
				61CCE08D1B95D97B0053D5FB /* Base */,
			);
			name = Main.storyboard;
			sourceTree = "<group>";
		};
		61CCE0911B95D97B0053D5FB /* LaunchScreen.xib */ = {
			isa = PBXVariantGroup;
			children = (
				61CCE0921B95D97B0053D5FB /* Base */,
			);
			name = LaunchScreen.xib;
			sourceTree = "<group>";
		};
/* End PBXVariantGroup section */

/* Begin XCBuildConfiguration section */
		61CCE0A01B95D97B0053D5FB /* Debug */ = {
			isa = XCBuildConfiguration;
			buildSettings = {
				ALWAYS_SEARCH_USER_PATHS = NO;
				CLANG_CXX_LANGUAGE_STANDARD = "gnu++0x";
				CLANG_CXX_LIBRARY = "libc++";
				CLANG_ENABLE_MODULES = YES;
				CLANG_ENABLE_OBJC_ARC = YES;
				CLANG_WARN_BOOL_CONVERSION = YES;
				CLANG_WARN_CONSTANT_CONVERSION = YES;
				CLANG_WARN_DIRECT_OBJC_ISA_USAGE = YES_ERROR;
				CLANG_WARN_EMPTY_BODY = YES;
				CLANG_WARN_ENUM_CONVERSION = YES;
				CLANG_WARN_INT_CONVERSION = YES;
				CLANG_WARN_OBJC_ROOT_CLASS = YES_ERROR;
				CLANG_WARN_UNREACHABLE_CODE = YES;
				CLANG_WARN__DUPLICATE_METHOD_MATCH = YES;
				"CODE_SIGN_IDENTITY[sdk=iphoneos*]" = "iPhone Developer";
				COPY_PHASE_STRIP = NO;
				DEBUG_INFORMATION_FORMAT = "dwarf-with-dsym";
				ENABLE_STRICT_OBJC_MSGSEND = YES;
				GCC_C_LANGUAGE_STANDARD = gnu99;
				GCC_DYNAMIC_NO_PIC = NO;
				GCC_NO_COMMON_BLOCKS = YES;
				GCC_OPTIMIZATION_LEVEL = 0;
				GCC_PREPROCESSOR_DEFINITIONS = (
					"DEBUG=1",
					"$(inherited)",
				);
				GCC_SYMBOLS_PRIVATE_EXTERN = NO;
				GCC_WARN_64_TO_32_BIT_CONVERSION = YES;
				GCC_WARN_ABOUT_RETURN_TYPE = YES_ERROR;
				GCC_WARN_UNDECLARED_SELECTOR = YES;
				GCC_WARN_UNINITIALIZED_AUTOS = YES_AGGRESSIVE;
				GCC_WARN_UNUSED_FUNCTION = YES;
				GCC_WARN_UNUSED_VARIABLE = YES;
				IPHONEOS_DEPLOYMENT_TARGET = 8.4;
				MTL_ENABLE_DEBUG_INFO = YES;
				ONLY_ACTIVE_ARCH = YES;
				SDKROOT = iphoneos;
				TARGETED_DEVICE_FAMILY = "1,2";
			};
			name = Debug;
		};
		61CCE0A11B95D97B0053D5FB /* Release */ = {
			isa = XCBuildConfiguration;
			buildSettings = {
				ALWAYS_SEARCH_USER_PATHS = NO;
				CLANG_CXX_LANGUAGE_STANDARD = "gnu++0x";
				CLANG_CXX_LIBRARY = "libc++";
				CLANG_ENABLE_MODULES = YES;
				CLANG_ENABLE_OBJC_ARC = YES;
				CLANG_WARN_BOOL_CONVERSION = YES;
				CLANG_WARN_CONSTANT_CONVERSION = YES;
				CLANG_WARN_DIRECT_OBJC_ISA_USAGE = YES_ERROR;
				CLANG_WARN_EMPTY_BODY = YES;
				CLANG_WARN_ENUM_CONVERSION = YES;
				CLANG_WARN_INT_CONVERSION = YES;
				CLANG_WARN_OBJC_ROOT_CLASS = YES_ERROR;
				CLANG_WARN_UNREACHABLE_CODE = YES;
				CLANG_WARN__DUPLICATE_METHOD_MATCH = YES;
				"CODE_SIGN_IDENTITY[sdk=iphoneos*]" = "iPhone Developer";
				COPY_PHASE_STRIP = NO;
				DEBUG_INFORMATION_FORMAT = "dwarf-with-dsym";
				ENABLE_NS_ASSERTIONS = NO;
				ENABLE_STRICT_OBJC_MSGSEND = YES;
				GCC_C_LANGUAGE_STANDARD = gnu99;
				GCC_NO_COMMON_BLOCKS = YES;
				GCC_WARN_64_TO_32_BIT_CONVERSION = YES;
				GCC_WARN_ABOUT_RETURN_TYPE = YES_ERROR;
				GCC_WARN_UNDECLARED_SELECTOR = YES;
				GCC_WARN_UNINITIALIZED_AUTOS = YES_AGGRESSIVE;
				GCC_WARN_UNUSED_FUNCTION = YES;
				GCC_WARN_UNUSED_VARIABLE = YES;
				IPHONEOS_DEPLOYMENT_TARGET = 8.4;
				MTL_ENABLE_DEBUG_INFO = NO;
				SDKROOT = iphoneos;
				TARGETED_DEVICE_FAMILY = "1,2";
				VALIDATE_PRODUCT = YES;
			};
			name = Release;
		};
		61CCE0A31B95D97B0053D5FB /* Debug */ = {
			isa = XCBuildConfiguration;
			buildSettings = {
				ASSETCATALOG_COMPILER_APPICON_NAME = AppIcon;
				ASSETCATALOG_COMPILER_LAUNCHIMAGE_NAME = LaunchImage;
				INFOPLIST_FILE = iTodoList/Info.plist;
				LD_RUNPATH_SEARCH_PATHS = "$(inherited) @executable_path/Frameworks";
				PRODUCT_NAME = "$(TARGET_NAME)";
			};
			name = Debug;
		};
		61CCE0A41B95D97B0053D5FB /* Release */ = {
			isa = XCBuildConfiguration;
			buildSettings = {
				ASSETCATALOG_COMPILER_APPICON_NAME = AppIcon;
				ASSETCATALOG_COMPILER_LAUNCHIMAGE_NAME = LaunchImage;
				INFOPLIST_FILE = iTodoList/Info.plist;
				LD_RUNPATH_SEARCH_PATHS = "$(inherited) @executable_path/Frameworks";
				PRODUCT_NAME = "$(TARGET_NAME)";
			};
			name = Release;
		};
		61CCE0A61B95D97B0053D5FB /* Debug */ = {
			isa = XCBuildConfiguration;
			buildSettings = {
				BUNDLE_LOADER = "$(TEST_HOST)";
				FRAMEWORK_SEARCH_PATHS = (
					"$(SDKROOT)/Developer/Library/Frameworks",
					"$(inherited)",
				);
				GCC_PREPROCESSOR_DEFINITIONS = (
					"DEBUG=1",
					"$(inherited)",
				);
				INFOPLIST_FILE = iTodoListTests/Info.plist;
				LD_RUNPATH_SEARCH_PATHS = "$(inherited) @executable_path/Frameworks @loader_path/Frameworks";
				PRODUCT_NAME = "$(TARGET_NAME)";
				TEST_HOST = "$(BUILT_PRODUCTS_DIR)/iTodoList.app/iTodoList";
			};
			name = Debug;
		};
		61CCE0A71B95D97B0053D5FB /* Release */ = {
			isa = XCBuildConfiguration;
			buildSettings = {
				BUNDLE_LOADER = "$(TEST_HOST)";
				FRAMEWORK_SEARCH_PATHS = (
					"$(SDKROOT)/Developer/Library/Frameworks",
					"$(inherited)",
				);
				INFOPLIST_FILE = iTodoListTests/Info.plist;
				LD_RUNPATH_SEARCH_PATHS = "$(inherited) @executable_path/Frameworks @loader_path/Frameworks";
				PRODUCT_NAME = "$(TARGET_NAME)";
				TEST_HOST = "$(BUILT_PRODUCTS_DIR)/iTodoList.app/iTodoList";
			};
			name = Release;
		};
/* End XCBuildConfiguration section */

/* Begin XCConfigurationList section */
		61CCE07A1B95D97B0053D5FB /* Build configuration list for PBXProject "iTodoList" */ = {
			isa = XCConfigurationList;
			buildConfigurations = (
				61CCE0A01B95D97B0053D5FB /* Debug */,
				61CCE0A11B95D97B0053D5FB /* Release */,
			);
			defaultConfigurationIsVisible = 0;
			defaultConfigurationName = Release;
		};
		61CCE0A21B95D97B0053D5FB /* Build configuration list for PBXNativeTarget "iTodoList" */ = {
			isa = XCConfigurationList;
			buildConfigurations = (
				61CCE0A31B95D97B0053D5FB /* Debug */,
				61CCE0A41B95D97B0053D5FB /* Release */,
			);
			defaultConfigurationIsVisible = 0;
		};
		61CCE0A51B95D97B0053D5FB /* Build configuration list for PBXNativeTarget "iTodoListTests" */ = {
			isa = XCConfigurationList;
			buildConfigurations = (
				61CCE0A61B95D97B0053D5FB /* Debug */,
				61CCE0A71B95D97B0053D5FB /* Release */,
			);
			defaultConfigurationIsVisible = 0;
		};
/* End XCConfigurationList section */
	};
	rootObject = 61CCE0771B95D97B0053D5FB /* Project object */;
}
